
Microsoft Visual Studio Solution File, Format Version 12.00
# Visual Studio Version 16
VisualStudioVersion = 16.0.30717.126
MinimumVisualStudioVersion = 10.0.40219.1
Project("{9A19103F-16F7-4668-BE54-9A1E7A4F7556}") = "EquazioniLibrary.Test", "EquazioniLibrary.Test\EquazioniLibrary.Test.csproj", "{9F60D227-2580-42E8-8A54-4F0EF0943405}"
EndProject
Project("{FAE04EC0-301F-11D3-BF4B-00C04F79EFBC}") = "EquazioniLibrary", "EquazioniLibrary\EquazioniLibrary.csproj", "{4B0D9ACA-C3ED-43BE-96F4-283FC74DAF89}"
EndProject
Global
	GlobalSection(SolutionConfigurationPlatforms) = preSolution
		Debug|Any CPU = Debug|Any CPU
		Release|Any CPU = Release|Any CPU
	EndGlobalSection
	GlobalSection(ProjectConfigurationPlatforms) = postSolution
		{9F60D227-2580-42E8-8A54-4F0EF0943405}.Debug|Any CPU.ActiveCfg = Debug|Any CPU
		{9F60D227-2580-42E8-8A54-4F0EF0943405}.Debug|Any CPU.Build.0 = Debug|Any CPU
		{9F60D227-2580-42E8-8A54-4F0EF0943405}.Release|Any CPU.ActiveCfg = Release|Any CPU
		{9F60D227-2580-42E8-8A54-4F0EF0943405}.Release|Any CPU.Build.0 = Release|Any CPU
		{4B0D9ACA-C3ED-43BE-96F4-283FC74DAF89}.Debug|Any CPU.ActiveCfg = Debug|Any CPU
		{4B0D9ACA-C3ED-43BE-96F4-283FC74DAF89}.Debug|Any CPU.Build.0 = Debug|Any CPU
		{4B0D9ACA-C3ED-43BE-96F4-283FC74DAF89}.Release|Any CPU.ActiveCfg = Release|Any CPU
		{4B0D9ACA-C3ED-43BE-96F4-283FC74DAF89}.Release|Any CPU.Build.0 = Release|Any CPU
	EndGlobalSection
	GlobalSection(SolutionProperties) = preSolution
		HideSolutionNode = FALSE
	EndGlobalSection
	GlobalSection(ExtensibilityGlobals) = postSolution
		SolutionGuid = {FEEEECBD-B675-4B49-8370-0D9E1DE47F59}
	EndGlobalSection
EndGlobal
